
Microsoft Visual Studio Solution File, Format Version 12.00
Project("{FAE04EC0-301F-11D3-BF4B-00C04F79EFBC}") = "Structures", "Structures\Structures.csproj", "{589F683F-0447-4D84-B0A9-D4F6152E55E0}"
EndProject
Project("{FAE04EC0-301F-11D3-BF4B-00C04F79EFBC}") = "Zad1", "Zad1\Zad1.csproj", "{AF0F418E-A5A2-4478-A29B-00816DF547C6}"
EndProject
Project("{FAE04EC0-301F-11D3-BF4B-00C04F79EFBC}") = "Zadanie1", "Zadanie1\Zadanie1.csproj", "{BC161B58-981C-4791-B7E1-0B27361041F3}"
EndProject
Project("{FAE04EC0-301F-11D3-BF4B-00C04F79EFBC}") = "Zad2", "Zad2\Zad2.csproj", "{3EC754B6-1571-4E8A-94A6-CE836CA1630F}"
EndProject
Project("{FAE04EC0-301F-11D3-BF4B-00C04F79EFBC}") = "Zad3", "Zad3\Zad3.csproj", "{2EECE9D9-729A-474D-8CEC-AA0B4543E6F1}"
EndProject
Global
	GlobalSection(SolutionConfigurationPlatforms) = preSolution
		Debug|Any CPU = Debug|Any CPU
		Release|Any CPU = Release|Any CPU
	EndGlobalSection
	GlobalSection(ProjectConfigurationPlatforms) = postSolution
		{589F683F-0447-4D84-B0A9-D4F6152E55E0}.Debug|Any CPU.ActiveCfg = Debug|Any CPU
		{589F683F-0447-4D84-B0A9-D4F6152E55E0}.Debug|Any CPU.Build.0 = Debug|Any CPU
		{589F683F-0447-4D84-B0A9-D4F6152E55E0}.Release|Any CPU.ActiveCfg = Release|Any CPU
		{589F683F-0447-4D84-B0A9-D4F6152E55E0}.Release|Any CPU.Build.0 = Release|Any CPU
		{AF0F418E-A5A2-4478-A29B-00816DF547C6}.Debug|Any CPU.ActiveCfg = Debug|Any CPU
		{AF0F418E-A5A2-4478-A29B-00816DF547C6}.Debug|Any CPU.Build.0 = Debug|Any CPU
		{AF0F418E-A5A2-4478-A29B-00816DF547C6}.Release|Any CPU.ActiveCfg = Release|Any CPU
		{AF0F418E-A5A2-4478-A29B-00816DF547C6}.Release|Any CPU.Build.0 = Release|Any CPU
		{BC161B58-981C-4791-B7E1-0B27361041F3}.Debug|Any CPU.ActiveCfg = Debug|Any CPU
		{BC161B58-981C-4791-B7E1-0B27361041F3}.Debug|Any CPU.Build.0 = Debug|Any CPU
		{BC161B58-981C-4791-B7E1-0B27361041F3}.Release|Any CPU.ActiveCfg = Release|Any CPU
		{BC161B58-981C-4791-B7E1-0B27361041F3}.Release|Any CPU.Build.0 = Release|Any CPU
		{3EC754B6-1571-4E8A-94A6-CE836CA1630F}.Debug|Any CPU.ActiveCfg = Debug|Any CPU
		{3EC754B6-1571-4E8A-94A6-CE836CA1630F}.Debug|Any CPU.Build.0 = Debug|Any CPU
		{3EC754B6-1571-4E8A-94A6-CE836CA1630F}.Release|Any CPU.ActiveCfg = Release|Any CPU
		{3EC754B6-1571-4E8A-94A6-CE836CA1630F}.Release|Any CPU.Build.0 = Release|Any CPU
		{2EECE9D9-729A-474D-8CEC-AA0B4543E6F1}.Debug|Any CPU.ActiveCfg = Debug|Any CPU
		{2EECE9D9-729A-474D-8CEC-AA0B4543E6F1}.Debug|Any CPU.Build.0 = Debug|Any CPU
		{2EECE9D9-729A-474D-8CEC-AA0B4543E6F1}.Release|Any CPU.ActiveCfg = Release|Any CPU
		{2EECE9D9-729A-474D-8CEC-AA0B4543E6F1}.Release|Any CPU.Build.0 = Release|Any CPU
	EndGlobalSection
EndGlobal
